
Microsoft Visual Studio Solution File, Format Version 12.00
# Visual Studio Version 17
VisualStudioVersion = 17.9.34723.18
MinimumVisualStudioVersion = 10.0.40219.1
Project("{9A19103F-16F7-4668-BE54-9A1E7A4F7556}") = "ModuloActivos", "ModuloActivos.csproj", "{7805448D-8B84-4103-8AD1-29F718915905}"
EndProject
Project("{FAE04EC0-301F-11D3-BF4B-00C04F79EFBC}") = "IntranetFM", "..\..\..\Desktop\IntranetFM\IntranetFM\IntranetFM.csproj", "{6F94ED41-0C48-4EAC-9336-82F8F2299F6C}"
EndProject
Global
	GlobalSection(SolutionConfigurationPlatforms) = preSolution
		Debug|Any CPU = Debug|Any CPU
		Release|Any CPU = Release|Any CPU
	EndGlobalSection
	GlobalSection(ProjectConfigurationPlatforms) = postSolution
		{7805448D-8B84-4103-8AD1-29F718915905}.Debug|Any CPU.ActiveCfg = Debug|Any CPU
		{7805448D-8B84-4103-8AD1-29F718915905}.Debug|Any CPU.Build.0 = Debug|Any CPU
		{7805448D-8B84-4103-8AD1-29F718915905}.Release|Any CPU.ActiveCfg = Release|Any CPU
		{7805448D-8B84-4103-8AD1-29F718915905}.Release|Any CPU.Build.0 = Release|Any CPU
		{6F94ED41-0C48-4EAC-9336-82F8F2299F6C}.Debug|Any CPU.ActiveCfg = Debug|Any CPU
		{6F94ED41-0C48-4EAC-9336-82F8F2299F6C}.Debug|Any CPU.Build.0 = Debug|Any CPU
		{6F94ED41-0C48-4EAC-9336-82F8F2299F6C}.Release|Any CPU.ActiveCfg = Release|Any CPU
		{6F94ED41-0C48-4EAC-9336-82F8F2299F6C}.Release|Any CPU.Build.0 = Release|Any CPU
	EndGlobalSection
	GlobalSection(SolutionProperties) = preSolution
		HideSolutionNode = FALSE
	EndGlobalSection
	GlobalSection(ExtensibilityGlobals) = postSolution
		SolutionGuid = {AB67EED4-E848-42E6-9C9D-CADBEABF3668}
	EndGlobalSection
EndGlobal
