
Microsoft Visual Studio Solution File, Format Version 12.00
# Visual Studio Version 17
VisualStudioVersion = 17.0.31903.59
MinimumVisualStudioVersion = 10.0.40219.1
Project("{2150E333-8FDC-42A3-9474-1A3956D46DE8}") = "Frontend", "Frontend", "{4CC3875A-DED8-4800-85B8-F1BA6242BB1B}"
EndProject
Project("{2150E333-8FDC-42A3-9474-1A3956D46DE8}") = "Database", "Database", "{18A154CE-BA7B-42ED-9B58-D7B1044F75A0}"
EndProject
Project("{00D1A9C2-B5F0-4AF3-8072-F6C62B433612}") = "DataBaseThemeParkUCR", "DataBaseThemeParkUCR\DataBaseThemeParkUCR.sqlproj", "{49200353-63D2-4DBC-AA2C-428522B15650}"
EndProject
Project("{9A19103F-16F7-4668-BE54-9A1E7A4F7556}") = "UCR.ECCI.PI.ThemePark@UCR.Domain", "Domain\UCR.ECCI.PI.ThemePark@UCR.Domain.csproj", "{E78BA220-994F-48E8-AD11-DCFE594A232B}"
EndProject
Project("{9A19103F-16F7-4668-BE54-9A1E7A4F7556}") = "UCR.ECCI.PI.ThemePark@UCR.Infrastructure", "Infrastructure\UCR.ECCI.PI.ThemePark@UCR.Infrastructure.csproj", "{B8467F7A-48B6-44D2-8635-84B435BC0242}"
EndProject
Project("{9A19103F-16F7-4668-BE54-9A1E7A4F7556}") = "UCR.ECCI.PI.ThemePark@UCR.Application", "Application\UCR.ECCI.PI.ThemePark@UCR.Application.csproj", "{3B2E3CC9-A987-4A8B-82F8-16AD271EFA1E}"
EndProject
Project("{9A19103F-16F7-4668-BE54-9A1E7A4F7556}") = "UCR.ECCI.PI.ThemePark@UCR.Domain.Tests.Unit", "Domain.Tests.Unit\UCR.ECCI.PI.ThemePark@UCR.Domain.Tests.Unit.csproj", "{81F07B3F-DBF6-4602-B924-183B1084E6D2}"
EndProject
Project("{9A19103F-16F7-4668-BE54-9A1E7A4F7556}") = "UCR.ECCI.PI.ThemePark@UCR.Application.Tests.Unit", "Application.Tests.Unit\UCR.ECCI.PI.ThemePark@UCR.Application.Tests.Unit.csproj", "{E952BEDE-D72A-45FA-9CEB-9490E00258C4}"
EndProject
Project("{9A19103F-16F7-4668-BE54-9A1E7A4F7556}") = "UCR.ECCI.PI.ThemePark@UCR.Infrastructure.Tests.Unit", "Infrastructure.Tests.Unit\UCR.ECCI.PI.ThemePark@UCR.Infrastructure.Tests.Unit.csproj", "{C6398DFD-9081-4036-8CA9-C454D3B2E36C}"
EndProject
Project("{9A19103F-16F7-4668-BE54-9A1E7A4F7556}") = "UCR.ECCI.PI.ThemePark@UCR.Presentation.Api.Tests.Unit", "Presentation.Api.Tests.Unit\UCR.ECCI.PI.ThemePark@UCR.Presentation.Api.Tests.Unit.csproj", "{3CC368A3-7DAD-460F-BC07-EA30B6CF2CEB}"
EndProject
Project("{9A19103F-16F7-4668-BE54-9A1E7A4F7556}") = "UCR.ECCI.PI.ThemePark@UCR.Presentation.Blazor", "Presentation.Blazor\UCR.ECCI.PI.ThemePark@UCR.Presentation.Blazor.csproj", "{953109D1-3098-4379-8EFC-E4FB7E96624C}"
EndProject
Project("{9A19103F-16F7-4668-BE54-9A1E7A4F7556}") = "UCR.ECCI.PI.ThemePark@UCR.Infrastructure.ApiClient", "Infrastructure.ApiClient\UCR.ECCI.PI.ThemePark@UCR.Infrastructure.ApiClient.csproj", "{FE07CEB8-9A29-4EE3-A3A3-38361E5EF180}"
EndProject
Project("{2150E333-8FDC-42A3-9474-1A3956D46DE8}") = "Backend", "Backend", "{5B87EA27-F517-41B3-9A94-1EEF90900158}"
EndProject
Project("{9A19103F-16F7-4668-BE54-9A1E7A4F7556}") = "UCR.ECCI.PI.ThemePark@UCR.Presentation.Api", "Presentation.Api\UCR.ECCI.PI.ThemePark@UCR.Presentation.Api.csproj", "{C4856368-D4DF-49D5-8B9D-2B7E7C5B757F}"
EndProject
Project("{9A19103F-16F7-4668-BE54-9A1E7A4F7556}") = "UCR.ECCI.PI.ThemePark@UCR.BackendDependencyInjection", "BackendDependencyInjection\UCR.ECCI.PI.ThemePark@UCR.BackendDependencyInjection.csproj", "{B1DB69C6-9383-4BD1-9ED7-E7E6789287C0}"
EndProject
Project("{9A19103F-16F7-4668-BE54-9A1E7A4F7556}") = "UCR.ECCI.PI.ThemePark@UCR.FrontendDependencyInjection", "FrontendDependencyInjection\UCR.ECCI.PI.ThemePark@UCR.FrontendDependencyInjection.csproj", "{9474AA10-DF90-46A0-B23B-856EB94E533F}"
EndProject
Project("{2150E333-8FDC-42A3-9474-1A3956D46DE8}") = "Documentation", "Documentation", "{E105E2A6-478C-466E-B196-FC266A167A74}"
	ProjectSection(SolutionItems) = preProject
		..\Img\conceptual-design.svg = ..\Img\conceptual-design.svg
		..\README.md = ..\README.md
	EndProjectSection
EndProject
Project("{9A19103F-16F7-4668-BE54-9A1E7A4F7556}") = "UCR.ECCI.PI.ThemePark@UCR.ApplicationWeb", "ApplicationWeb\UCR.ECCI.PI.ThemePark@UCR.ApplicationWeb.csproj", "{448D0E6B-5E5E-4215-8A21-6BED4D30C047}"
EndProject
Project("{9A19103F-16F7-4668-BE54-9A1E7A4F7556}") = "UCR.ECCI.PI.ThemePark@UCR.DomainWeb", "DomainWeb\UCR.ECCI.PI.ThemePark@UCR.DomainWeb.csproj", "{49F96E43-2F4F-4B26-9842-E55B39BC88D1}"
EndProject
Project("{9A19103F-16F7-4668-BE54-9A1E7A4F7556}") = "UCR.ECCI.PI.ThemePark@UCR.ApplicationWeb.Tests.Unit", "ApplicationWeb.Tests.Unit\UCR.ECCI.PI.ThemePark@UCR.ApplicationWeb.Tests.Unit.csproj", "{C715B677-13F9-48D4-8F4B-BB05852220E7}"
EndProject
Project("{9A19103F-16F7-4668-BE54-9A1E7A4F7556}") = "UCR.ECCI.PI.ThemePark@UCR.DomainWeb.Tests.Unit", "DomainWeb.Tests.Unit\UCR.ECCI.PI.ThemePark@UCR.DomainWeb.Tests.Unit.csproj", "{B2405EB4-EB1C-4D2C-9639-4127AD5DCBEB}"
EndProject
Global
	GlobalSection(SolutionConfigurationPlatforms) = preSolution
		Debug|Any CPU = Debug|Any CPU
		Release|Any CPU = Release|Any CPU
	EndGlobalSection
	GlobalSection(ProjectConfigurationPlatforms) = postSolution
		{49200353-63D2-4DBC-AA2C-428522B15650}.Debug|Any CPU.ActiveCfg = Debug|Any CPU
		{49200353-63D2-4DBC-AA2C-428522B15650}.Debug|Any CPU.Build.0 = Debug|Any CPU
		{49200353-63D2-4DBC-AA2C-428522B15650}.Debug|Any CPU.Deploy.0 = Debug|Any CPU
		{49200353-63D2-4DBC-AA2C-428522B15650}.Release|Any CPU.ActiveCfg = Release|Any CPU
		{49200353-63D2-4DBC-AA2C-428522B15650}.Release|Any CPU.Build.0 = Release|Any CPU
		{49200353-63D2-4DBC-AA2C-428522B15650}.Release|Any CPU.Deploy.0 = Release|Any CPU
		{E78BA220-994F-48E8-AD11-DCFE594A232B}.Debug|Any CPU.ActiveCfg = Debug|Any CPU
		{E78BA220-994F-48E8-AD11-DCFE594A232B}.Debug|Any CPU.Build.0 = Debug|Any CPU
		{E78BA220-994F-48E8-AD11-DCFE594A232B}.Release|Any CPU.ActiveCfg = Release|Any CPU
		{E78BA220-994F-48E8-AD11-DCFE594A232B}.Release|Any CPU.Build.0 = Release|Any CPU
		{B8467F7A-48B6-44D2-8635-84B435BC0242}.Debug|Any CPU.ActiveCfg = Debug|Any CPU
		{B8467F7A-48B6-44D2-8635-84B435BC0242}.Debug|Any CPU.Build.0 = Debug|Any CPU
		{B8467F7A-48B6-44D2-8635-84B435BC0242}.Release|Any CPU.ActiveCfg = Release|Any CPU
		{B8467F7A-48B6-44D2-8635-84B435BC0242}.Release|Any CPU.Build.0 = Release|Any CPU
		{3B2E3CC9-A987-4A8B-82F8-16AD271EFA1E}.Debug|Any CPU.ActiveCfg = Debug|Any CPU
		{3B2E3CC9-A987-4A8B-82F8-16AD271EFA1E}.Debug|Any CPU.Build.0 = Debug|Any CPU
		{3B2E3CC9-A987-4A8B-82F8-16AD271EFA1E}.Release|Any CPU.ActiveCfg = Release|Any CPU
		{3B2E3CC9-A987-4A8B-82F8-16AD271EFA1E}.Release|Any CPU.Build.0 = Release|Any CPU
		{81F07B3F-DBF6-4602-B924-183B1084E6D2}.Debug|Any CPU.ActiveCfg = Debug|Any CPU
		{81F07B3F-DBF6-4602-B924-183B1084E6D2}.Debug|Any CPU.Build.0 = Debug|Any CPU
		{81F07B3F-DBF6-4602-B924-183B1084E6D2}.Release|Any CPU.ActiveCfg = Release|Any CPU
		{81F07B3F-DBF6-4602-B924-183B1084E6D2}.Release|Any CPU.Build.0 = Release|Any CPU
		{E952BEDE-D72A-45FA-9CEB-9490E00258C4}.Debug|Any CPU.ActiveCfg = Debug|Any CPU
		{E952BEDE-D72A-45FA-9CEB-9490E00258C4}.Debug|Any CPU.Build.0 = Debug|Any CPU
		{E952BEDE-D72A-45FA-9CEB-9490E00258C4}.Release|Any CPU.ActiveCfg = Release|Any CPU
		{E952BEDE-D72A-45FA-9CEB-9490E00258C4}.Release|Any CPU.Build.0 = Release|Any CPU
		{C6398DFD-9081-4036-8CA9-C454D3B2E36C}.Debug|Any CPU.ActiveCfg = Debug|Any CPU
		{C6398DFD-9081-4036-8CA9-C454D3B2E36C}.Debug|Any CPU.Build.0 = Debug|Any CPU
		{C6398DFD-9081-4036-8CA9-C454D3B2E36C}.Release|Any CPU.ActiveCfg = Release|Any CPU
		{C6398DFD-9081-4036-8CA9-C454D3B2E36C}.Release|Any CPU.Build.0 = Release|Any CPU
		{3CC368A3-7DAD-460F-BC07-EA30B6CF2CEB}.Debug|Any CPU.ActiveCfg = Debug|Any CPU
		{3CC368A3-7DAD-460F-BC07-EA30B6CF2CEB}.Debug|Any CPU.Build.0 = Debug|Any CPU
		{3CC368A3-7DAD-460F-BC07-EA30B6CF2CEB}.Release|Any CPU.ActiveCfg = Release|Any CPU
		{3CC368A3-7DAD-460F-BC07-EA30B6CF2CEB}.Release|Any CPU.Build.0 = Release|Any CPU
		{953109D1-3098-4379-8EFC-E4FB7E96624C}.Debug|Any CPU.ActiveCfg = Debug|Any CPU
		{953109D1-3098-4379-8EFC-E4FB7E96624C}.Debug|Any CPU.Build.0 = Debug|Any CPU
		{953109D1-3098-4379-8EFC-E4FB7E96624C}.Release|Any CPU.ActiveCfg = Release|Any CPU
		{953109D1-3098-4379-8EFC-E4FB7E96624C}.Release|Any CPU.Build.0 = Release|Any CPU
		{FE07CEB8-9A29-4EE3-A3A3-38361E5EF180}.Debug|Any CPU.ActiveCfg = Debug|Any CPU
		{FE07CEB8-9A29-4EE3-A3A3-38361E5EF180}.Debug|Any CPU.Build.0 = Debug|Any CPU
		{FE07CEB8-9A29-4EE3-A3A3-38361E5EF180}.Release|Any CPU.ActiveCfg = Release|Any CPU
		{FE07CEB8-9A29-4EE3-A3A3-38361E5EF180}.Release|Any CPU.Build.0 = Release|Any CPU
		{C4856368-D4DF-49D5-8B9D-2B7E7C5B757F}.Debug|Any CPU.ActiveCfg = Debug|Any CPU
		{C4856368-D4DF-49D5-8B9D-2B7E7C5B757F}.Debug|Any CPU.Build.0 = Debug|Any CPU
		{C4856368-D4DF-49D5-8B9D-2B7E7C5B757F}.Release|Any CPU.ActiveCfg = Release|Any CPU
		{C4856368-D4DF-49D5-8B9D-2B7E7C5B757F}.Release|Any CPU.Build.0 = Release|Any CPU
		{B1DB69C6-9383-4BD1-9ED7-E7E6789287C0}.Debug|Any CPU.ActiveCfg = Debug|Any CPU
		{B1DB69C6-9383-4BD1-9ED7-E7E6789287C0}.Debug|Any CPU.Build.0 = Debug|Any CPU
		{B1DB69C6-9383-4BD1-9ED7-E7E6789287C0}.Release|Any CPU.ActiveCfg = Release|Any CPU
		{B1DB69C6-9383-4BD1-9ED7-E7E6789287C0}.Release|Any CPU.Build.0 = Release|Any CPU
		{9474AA10-DF90-46A0-B23B-856EB94E533F}.Debug|Any CPU.ActiveCfg = Debug|Any CPU
		{9474AA10-DF90-46A0-B23B-856EB94E533F}.Debug|Any CPU.Build.0 = Debug|Any CPU
		{9474AA10-DF90-46A0-B23B-856EB94E533F}.Release|Any CPU.ActiveCfg = Release|Any CPU
		{9474AA10-DF90-46A0-B23B-856EB94E533F}.Release|Any CPU.Build.0 = Release|Any CPU
		{448D0E6B-5E5E-4215-8A21-6BED4D30C047}.Debug|Any CPU.ActiveCfg = Debug|Any CPU
		{448D0E6B-5E5E-4215-8A21-6BED4D30C047}.Debug|Any CPU.Build.0 = Debug|Any CPU
		{448D0E6B-5E5E-4215-8A21-6BED4D30C047}.Release|Any CPU.ActiveCfg = Release|Any CPU
		{448D0E6B-5E5E-4215-8A21-6BED4D30C047}.Release|Any CPU.Build.0 = Release|Any CPU
		{49F96E43-2F4F-4B26-9842-E55B39BC88D1}.Debug|Any CPU.ActiveCfg = Debug|Any CPU
		{49F96E43-2F4F-4B26-9842-E55B39BC88D1}.Debug|Any CPU.Build.0 = Debug|Any CPU
		{49F96E43-2F4F-4B26-9842-E55B39BC88D1}.Release|Any CPU.ActiveCfg = Release|Any CPU
		{49F96E43-2F4F-4B26-9842-E55B39BC88D1}.Release|Any CPU.Build.0 = Release|Any CPU
		{C715B677-13F9-48D4-8F4B-BB05852220E7}.Debug|Any CPU.ActiveCfg = Debug|Any CPU
		{C715B677-13F9-48D4-8F4B-BB05852220E7}.Debug|Any CPU.Build.0 = Debug|Any CPU
		{C715B677-13F9-48D4-8F4B-BB05852220E7}.Release|Any CPU.ActiveCfg = Release|Any CPU
		{C715B677-13F9-48D4-8F4B-BB05852220E7}.Release|Any CPU.Build.0 = Release|Any CPU
		{B2405EB4-EB1C-4D2C-9639-4127AD5DCBEB}.Debug|Any CPU.ActiveCfg = Debug|Any CPU
		{B2405EB4-EB1C-4D2C-9639-4127AD5DCBEB}.Debug|Any CPU.Build.0 = Debug|Any CPU
		{B2405EB4-EB1C-4D2C-9639-4127AD5DCBEB}.Release|Any CPU.ActiveCfg = Release|Any CPU
		{B2405EB4-EB1C-4D2C-9639-4127AD5DCBEB}.Release|Any CPU.Build.0 = Release|Any CPU
	EndGlobalSection
	GlobalSection(SolutionProperties) = preSolution
		HideSolutionNode = FALSE
	EndGlobalSection
	GlobalSection(NestedProjects) = preSolution
		{49200353-63D2-4DBC-AA2C-428522B15650} = {18A154CE-BA7B-42ED-9B58-D7B1044F75A0}
		{E78BA220-994F-48E8-AD11-DCFE594A232B} = {5B87EA27-F517-41B3-9A94-1EEF90900158}
		{B8467F7A-48B6-44D2-8635-84B435BC0242} = {5B87EA27-F517-41B3-9A94-1EEF90900158}
		{3B2E3CC9-A987-4A8B-82F8-16AD271EFA1E} = {5B87EA27-F517-41B3-9A94-1EEF90900158}
		{81F07B3F-DBF6-4602-B924-183B1084E6D2} = {5B87EA27-F517-41B3-9A94-1EEF90900158}
		{E952BEDE-D72A-45FA-9CEB-9490E00258C4} = {5B87EA27-F517-41B3-9A94-1EEF90900158}
		{C6398DFD-9081-4036-8CA9-C454D3B2E36C} = {5B87EA27-F517-41B3-9A94-1EEF90900158}
		{3CC368A3-7DAD-460F-BC07-EA30B6CF2CEB} = {5B87EA27-F517-41B3-9A94-1EEF90900158}
		{953109D1-3098-4379-8EFC-E4FB7E96624C} = {4CC3875A-DED8-4800-85B8-F1BA6242BB1B}
		{FE07CEB8-9A29-4EE3-A3A3-38361E5EF180} = {4CC3875A-DED8-4800-85B8-F1BA6242BB1B}
		{C4856368-D4DF-49D5-8B9D-2B7E7C5B757F} = {5B87EA27-F517-41B3-9A94-1EEF90900158}
		{B1DB69C6-9383-4BD1-9ED7-E7E6789287C0} = {5B87EA27-F517-41B3-9A94-1EEF90900158}
		{9474AA10-DF90-46A0-B23B-856EB94E533F} = {4CC3875A-DED8-4800-85B8-F1BA6242BB1B}
		{448D0E6B-5E5E-4215-8A21-6BED4D30C047} = {4CC3875A-DED8-4800-85B8-F1BA6242BB1B}
		{49F96E43-2F4F-4B26-9842-E55B39BC88D1} = {4CC3875A-DED8-4800-85B8-F1BA6242BB1B}
		{C715B677-13F9-48D4-8F4B-BB05852220E7} = {4CC3875A-DED8-4800-85B8-F1BA6242BB1B}
		{B2405EB4-EB1C-4D2C-9639-4127AD5DCBEB} = {4CC3875A-DED8-4800-85B8-F1BA6242BB1B}
	EndGlobalSection
	GlobalSection(ExtensibilityGlobals) = postSolution
		SolutionGuid = {68FDE5EB-D3D8-4757-A6AA-6BC51850C7DF}
	EndGlobalSection
EndGlobal
